// !$*UTF8*$!
{
	archiveVersion = 1;
	classes = {
	};
	objectVersion = 55;
	objects = {

/* Begin PBXBuildFile section */
		861C053427096B4900713E19 /* AppDelegate.swift in Sources */ = {isa = PBXBuildFile; fileRef = 861C053327096B4900713E19 /* AppDelegate.swift */; };
		861C053627096C6900713E19 /* GoogleService-Info.plist in Resources */ = {isa = PBXBuildFile; fileRef = 861C053527096C6900713E19 /* GoogleService-Info.plist */; };
		861C053827096FC700713E19 /* Task.swift in Sources */ = {isa = PBXBuildFile; fileRef = 861C053727096FC700713E19 /* Task.swift */; };
		861C053A270971F400713E19 /* TaskViewModel.swift in Sources */ = {isa = PBXBuildFile; fileRef = 861C0539270971F400713E19 /* TaskViewModel.swift */; };
		8680602D27091B4F00E4DBFF /* RTDBCodableApp.swift in Sources */ = {isa = PBXBuildFile; fileRef = 8680602C27091B4F00E4DBFF /* RTDBCodableApp.swift */; };
		8680602F27091B4F00E4DBFF /* ContentView.swift in Sources */ = {isa = PBXBuildFile; fileRef = 8680602E27091B4F00E4DBFF /* ContentView.swift */; };
		8680603127091B5400E4DBFF /* Assets.xcassets in Resources */ = {isa = PBXBuildFile; fileRef = 8680603027091B5400E4DBFF /* Assets.xcassets */; };
		8680603427091B5400E4DBFF /* Preview Assets.xcassets in Resources */ = {isa = PBXBuildFile; fileRef = 8680603327091B5400E4DBFF /* Preview Assets.xcassets */; };
		86AA77642709FD6B00EFAA74 /* FirebaseDatabase in Frameworks */ = {isa = PBXBuildFile; productRef = 86AA77632709FD6B00EFAA74 /* FirebaseDatabase */; };
		86AA77662709FD6B00EFAA74 /* FirebaseDatabaseSwift-Beta in Frameworks */ = {isa = PBXBuildFile; productRef = 86AA77652709FD6B00EFAA74 /* FirebaseDatabaseSwift-Beta */; };
		86AA7768270A015000EFAA74 /* TaskRowView.swift in Sources */ = {isa = PBXBuildFile; fileRef = 86AA7767270A015000EFAA74 /* TaskRowView.swift */; };
		86AA776A270A066E00EFAA74 /* AddTaskView.swift in Sources */ = {isa = PBXBuildFile; fileRef = 86AA7769270A066E00EFAA74 /* AddTaskView.swift */; };
/* End PBXBuildFile section */

/* Begin PBXFileReference section */
		861C053327096B4900713E19 /* AppDelegate.swift */ = {isa = PBXFileReference; lastKnownFileType = sourcecode.swift; path = AppDelegate.swift; sourceTree = "<group>"; };
		861C053527096C6900713E19 /* GoogleService-Info.plist */ = {isa = PBXFileReference; fileEncoding = 4; lastKnownFileType = text.plist.xml; path = "GoogleService-Info.plist"; sourceTree = "<group>"; };
		861C053727096FC700713E19 /* Task.swift */ = {isa = PBXFileReference; lastKnownFileType = sourcecode.swift; path = Task.swift; sourceTree = "<group>"; };
		861C0539270971F400713E19 /* TaskViewModel.swift */ = {isa = PBXFileReference; lastKnownFileType = sourcecode.swift; path = TaskViewModel.swift; sourceTree = "<group>"; };
		8680602927091B4F00E4DBFF /* RTDBCodable.app */ = {isa = PBXFileReference; explicitFileType = wrapper.application; includeInIndex = 0; path = RTDBCodable.app; sourceTree = BUILT_PRODUCTS_DIR; };
		8680602C27091B4F00E4DBFF /* RTDBCodableApp.swift */ = {isa = PBXFileReference; lastKnownFileType = sourcecode.swift; path = RTDBCodableApp.swift; sourceTree = "<group>"; };
		8680602E27091B4F00E4DBFF /* ContentView.swift */ = {isa = PBXFileReference; lastKnownFileType = sourcecode.swift; path = ContentView.swift; sourceTree = "<group>"; };
		8680603027091B5400E4DBFF /* Assets.xcassets */ = {isa = PBXFileReference; lastKnownFileType = folder.assetcatalog; path = Assets.xcassets; sourceTree = "<group>"; };
		8680603327091B5400E4DBFF /* Preview Assets.xcassets */ = {isa = PBXFileReference; lastKnownFileType = folder.assetcatalog; path = "Preview Assets.xcassets"; sourceTree = "<group>"; };
		86AA7767270A015000EFAA74 /* TaskRowView.swift */ = {isa = PBXFileReference; lastKnownFileType = sourcecode.swift; path = TaskRowView.swift; sourceTree = "<group>"; };
		86AA7769270A066E00EFAA74 /* AddTaskView.swift */ = {isa = PBXFileReference; lastKnownFileType = sourcecode.swift; path = AddTaskView.swift; sourceTree = "<group>"; };
/* End PBXFileReference section */

/* Begin PBXFrameworksBuildPhase section */
		8680602627091B4F00E4DBFF /* Frameworks */ = {
			isa = PBXFrameworksBuildPhase;
			buildActionMask = 2147483647;
			files = (
				86AA77662709FD6B00EFAA74 /* FirebaseDatabaseSwift-Beta in Frameworks */,
				86AA77642709FD6B00EFAA74 /* FirebaseDatabase in Frameworks */,
			);
			runOnlyForDeploymentPostprocessing = 0;
		};
/* End PBXFrameworksBuildPhase section */

/* Begin PBXGroup section */
		817C80C84A2AD3C0DE01C764 /* Frameworks */ = {
			isa = PBXGroup;
			children = (
			);
			name = Frameworks;
			sourceTree = "<group>";
		};
		8680602027091B4F00E4DBFF = {
			isa = PBXGroup;
			children = (
				8680602B27091B4F00E4DBFF /* RTDBCodable */,
				8680602A27091B4F00E4DBFF /* Products */,
				817C80C84A2AD3C0DE01C764 /* Frameworks */,
			);
			sourceTree = "<group>";
		};
		8680602A27091B4F00E4DBFF /* Products */ = {
			isa = PBXGroup;
			children = (
				8680602927091B4F00E4DBFF /* RTDBCodable.app */,
			);
			name = Products;
			sourceTree = "<group>";
		};
		8680602B27091B4F00E4DBFF /* RTDBCodable */ = {
			isa = PBXGroup;
			children = (
				861C053527096C6900713E19 /* GoogleService-Info.plist */,
				8680602C27091B4F00E4DBFF /* RTDBCodableApp.swift */,
				861C053327096B4900713E19 /* AppDelegate.swift */,
				8680602E27091B4F00E4DBFF /* ContentView.swift */,
				86AA7767270A015000EFAA74 /* TaskRowView.swift */,
				86AA7769270A066E00EFAA74 /* AddTaskView.swift */,
				861C0539270971F400713E19 /* TaskViewModel.swift */,
				861C053727096FC700713E19 /* Task.swift */,
				8680603027091B5400E4DBFF /* Assets.xcassets */,
				8680603227091B5400E4DBFF /* Preview Content */,
			);
			path = RTDBCodable;
			sourceTree = "<group>";
		};
		8680603227091B5400E4DBFF /* Preview Content */ = {
			isa = PBXGroup;
			children = (
				8680603327091B5400E4DBFF /* Preview Assets.xcassets */,
			);
			path = "Preview Content";
			sourceTree = "<group>";
		};
/* End PBXGroup section */

/* Begin PBXNativeTarget section */
		8680602827091B4F00E4DBFF /* RTDBCodable */ = {
			isa = PBXNativeTarget;
			buildConfigurationList = 8680603727091B5400E4DBFF /* Build configuration list for PBXNativeTarget "RTDBCodable" */;
			buildPhases = (
				8680602527091B4F00E4DBFF /* Sources */,
				8680602627091B4F00E4DBFF /* Frameworks */,
				8680602727091B4F00E4DBFF /* Resources */,
			);
			buildRules = (
			);
			dependencies = (
			);
			name = RTDBCodable;
			packageProductDependencies = (
				86AA77632709FD6B00EFAA74 /* FirebaseDatabase */,
				86AA77652709FD6B00EFAA74 /* FirebaseDatabaseSwift-Beta */,
			);
			productName = RTDBCodable;
			productReference = 8680602927091B4F00E4DBFF /* RTDBCodable.app */;
			productType = "com.apple.product-type.application";
		};
/* End PBXNativeTarget section */

/* Begin PBXProject section */
		8680602127091B4F00E4DBFF /* Project object */ = {
			isa = PBXProject;
			attributes = {
				BuildIndependentTargetsInParallel = 1;
				LastSwiftUpdateCheck = 1300;
				LastUpgradeCheck = 1300;
				TargetAttributes = {
					8680602827091B4F00E4DBFF = {
						CreatedOnToolsVersion = 13.0;
					};
				};
			};
			buildConfigurationList = 8680602427091B4F00E4DBFF /* Build configuration list for PBXProject "RTDBCodable" */;
			compatibilityVersion = "Xcode 13.0";
			developmentRegion = en;
			hasScannedForEncodings = 0;
			knownRegions = (
				en,
				Base,
			);
			mainGroup = 8680602027091B4F00E4DBFF;
			packageReferences = (
				86AA77622709FD6B00EFAA74 /* XCRemoteSwiftPackageReference "firebase-ios-sdk" */,
			);
			productRefGroup = 8680602A27091B4F00E4DBFF /* Products */;
			projectDirPath = "";
			projectRoot = "";
			targets = (
				8680602827091B4F00E4DBFF /* RTDBCodable */,
			);
		};
/* End PBXProject section */

/* Begin PBXResourcesBuildPhase section */
		8680602727091B4F00E4DBFF /* Resources */ = {
			isa = PBXResourcesBuildPhase;
			buildActionMask = 2147483647;
			files = (
				8680603427091B5400E4DBFF /* Preview Assets.xcassets in Resources */,
				8680603127091B5400E4DBFF /* Assets.xcassets in Resources */,
				861C053627096C6900713E19 /* GoogleService-Info.plist in Resources */,
			);
			runOnlyForDeploymentPostprocessing = 0;
		};
/* End PBXResourcesBuildPhase section */

/* Begin PBXSourcesBuildPhase section */
		8680602527091B4F00E4DBFF /* Sources */ = {
			isa = PBXSourcesBuildPhase;
			buildActionMask = 2147483647;
			files = (
				861C053827096FC700713E19 /* Task.swift in Sources */,
				86AA776A270A066E00EFAA74 /* AddTaskView.swift in Sources */,
				861C053427096B4900713E19 /* AppDelegate.swift in Sources */,
				8680602F27091B4F00E4DBFF /* ContentView.swift in Sources */,
				861C053A270971F400713E19 /* TaskViewModel.swift in Sources */,
				86AA7768270A015000EFAA74 /* TaskRowView.swift in Sources */,
				8680602D27091B4F00E4DBFF /* RTDBCodableApp.swift in Sources */,
			);
			runOnlyForDeploymentPostprocessing = 0;
		};
/* End PBXSourcesBuildPhase section */

/* Begin XCBuildConfiguration section */
		8680603527091B5400E4DBFF /* Debug */ = {
			isa = XCBuildConfiguration;
			buildSettings = {
				ALWAYS_SEARCH_USER_PATHS = NO;
				CLANG_ANALYZER_NONNULL = YES;
				CLANG_ANALYZER_NUMBER_OBJECT_CONVERSION = YES_AGGRESSIVE;
				CLANG_CXX_LANGUAGE_STANDARD = "gnu++17";
				CLANG_CXX_LIBRARY = "libc++";
				CLANG_ENABLE_MODULES = YES;
				CLANG_ENABLE_OBJC_ARC = YES;
				CLANG_ENABLE_OBJC_WEAK = YES;
				CLANG_WARN_BLOCK_CAPTURE_AUTORELEASING = YES;
				CLANG_WARN_BOOL_CONVERSION = YES;
				CLANG_WARN_COMMA = YES;
				CLANG_WARN_CONSTANT_CONVERSION = YES;
				CLANG_WARN_DEPRECATED_OBJC_IMPLEMENTATIONS = YES;
				CLANG_WARN_DIRECT_OBJC_ISA_USAGE = YES_ERROR;
				CLANG_WARN_DOCUMENTATION_COMMENTS = YES;
				CLANG_WARN_EMPTY_BODY = YES;
				CLANG_WARN_ENUM_CONVERSION = YES;
				CLANG_WARN_INFINITE_RECURSION = YES;
				CLANG_WARN_INT_CONVERSION = YES;
				CLANG_WARN_NON_LITERAL_NULL_CONVERSION = YES;
				CLANG_WARN_OBJC_IMPLICIT_RETAIN_SELF = YES;
				CLANG_WARN_OBJC_LITERAL_CONVERSION = YES;
				CLANG_WARN_OBJC_ROOT_CLASS = YES_ERROR;
				CLANG_WARN_QUOTED_INCLUDE_IN_FRAMEWORK_HEADER = YES;
				CLANG_WARN_RANGE_LOOP_ANALYSIS = YES;
				CLANG_WARN_STRICT_PROTOTYPES = YES;
				CLANG_WARN_SUSPICIOUS_MOVE = YES;
				CLANG_WARN_UNGUARDED_AVAILABILITY = YES_AGGRESSIVE;
				CLANG_WARN_UNREACHABLE_CODE = YES;
				CLANG_WARN__DUPLICATE_METHOD_MATCH = YES;
				COPY_PHASE_STRIP = NO;
				DEBUG_INFORMATION_FORMAT = dwarf;
				ENABLE_STRICT_OBJC_MSGSEND = YES;
				ENABLE_TESTABILITY = YES;
				GCC_C_LANGUAGE_STANDARD = gnu11;
				GCC_DYNAMIC_NO_PIC = NO;
				GCC_NO_COMMON_BLOCKS = YES;
				GCC_OPTIMIZATION_LEVEL = 0;
				GCC_PREPROCESSOR_DEFINITIONS = (
					"DEBUG=1",
					"$(inherited)",
				);
				GCC_WARN_64_TO_32_BIT_CONVERSION = YES;
				GCC_WARN_ABOUT_RETURN_TYPE = YES_ERROR;
				GCC_WARN_UNDECLARED_SELECTOR = YES;
				GCC_WARN_UNINITIALIZED_AUTOS = YES_AGGRESSIVE;
				GCC_WARN_UNUSED_FUNCTION = YES;
				GCC_WARN_UNUSED_VARIABLE = YES;
				IPHONEOS_DEPLOYMENT_TARGET = 15.0;
				MTL_ENABLE_DEBUG_INFO = INCLUDE_SOURCE;
				MTL_FAST_MATH = YES;
				ONLY_ACTIVE_ARCH = YES;
				SDKROOT = iphoneos;
				SWIFT_ACTIVE_COMPILATION_CONDITIONS = DEBUG;
				SWIFT_OPTIMIZATION_LEVEL = "-Onone";
			};
			name = Debug;
		};
		8680603627091B5400E4DBFF /* Release */ = {
			isa = XCBuildConfiguration;
			buildSettings = {
				ALWAYS_SEARCH_USER_PATHS = NO;
				CLANG_ANALYZER_NONNULL = YES;
				CLANG_ANALYZER_NUMBER_OBJECT_CONVERSION = YES_AGGRESSIVE;
				CLANG_CXX_LANGUAGE_STANDARD = "gnu++17";
				CLANG_CXX_LIBRARY = "libc++";
				CLANG_ENABLE_MODULES = YES;
				CLANG_ENABLE_OBJC_ARC = YES;
				CLANG_ENABLE_OBJC_WEAK = YES;
				CLANG_WARN_BLOCK_CAPTURE_AUTORELEASING = YES;
				CLANG_WARN_BOOL_CONVERSION = YES;
				CLANG_WARN_COMMA = YES;
				CLANG_WARN_CONSTANT_CONVERSION = YES;
				CLANG_WARN_DEPRECATED_OBJC_IMPLEMENTATIONS = YES;
				CLANG_WARN_DIRECT_OBJC_ISA_USAGE = YES_ERROR;
				CLANG_WARN_DOCUMENTATION_COMMENTS = YES;
				CLANG_WARN_EMPTY_BODY = YES;
				CLANG_WARN_ENUM_CONVERSION = YES;
				CLANG_WARN_INFINITE_RECURSION = YES;
				CLANG_WARN_INT_CONVERSION = YES;
				CLANG_WARN_NON_LITERAL_NULL_CONVERSION = YES;
				CLANG_WARN_OBJC_IMPLICIT_RETAIN_SELF = YES;
				CLANG_WARN_OBJC_LITERAL_CONVERSION = YES;
				CLANG_WARN_OBJC_ROOT_CLASS = YES_ERROR;
				CLANG_WARN_QUOTED_INCLUDE_IN_FRAMEWORK_HEADER = YES;
				CLANG_WARN_RANGE_LOOP_ANALYSIS = YES;
				CLANG_WARN_STRICT_PROTOTYPES = YES;
				CLANG_WARN_SUSPICIOUS_MOVE = YES;
				CLANG_WARN_UNGUARDED_AVAILABILITY = YES_AGGRESSIVE;
				CLANG_WARN_UNREACHABLE_CODE = YES;
				CLANG_WARN__DUPLICATE_METHOD_MATCH = YES;
				COPY_PHASE_STRIP = NO;
				DEBUG_INFORMATION_FORMAT = "dwarf-with-dsym";
				ENABLE_NS_ASSERTIONS = NO;
				ENABLE_STRICT_OBJC_MSGSEND = YES;
				GCC_C_LANGUAGE_STANDARD = gnu11;
				GCC_NO_COMMON_BLOCKS = YES;
				GCC_WARN_64_TO_32_BIT_CONVERSION = YES;
				GCC_WARN_ABOUT_RETURN_TYPE = YES_ERROR;
				GCC_WARN_UNDECLARED_SELECTOR = YES;
				GCC_WARN_UNINITIALIZED_AUTOS = YES_AGGRESSIVE;
				GCC_WARN_UNUSED_FUNCTION = YES;
				GCC_WARN_UNUSED_VARIABLE = YES;
				IPHONEOS_DEPLOYMENT_TARGET = 15.0;
				MTL_ENABLE_DEBUG_INFO = NO;
				MTL_FAST_MATH = YES;
				SDKROOT = iphoneos;
				SWIFT_COMPILATION_MODE = wholemodule;
				SWIFT_OPTIMIZATION_LEVEL = "-O";
				VALIDATE_PRODUCT = YES;
			};
			name = Release;
		};
		8680603827091B5400E4DBFF /* Debug */ = {
			isa = XCBuildConfiguration;
			buildSettings = {
				ASSETCATALOG_COMPILER_APPICON_NAME = AppIcon;
				ASSETCATALOG_COMPILER_GLOBAL_ACCENT_COLOR_NAME = AccentColor;
				CODE_SIGN_STYLE = Automatic;
				CURRENT_PROJECT_VERSION = 1;
				DEVELOPMENT_ASSET_PATHS = "\"RTDBCodable/Preview Content\"";
				DEVELOPMENT_TEAM = "";
				ENABLE_PREVIEWS = YES;
				GENERATE_INFOPLIST_FILE = YES;
				INFOPLIST_KEY_UIApplicationSceneManifest_Generation = YES;
				INFOPLIST_KEY_UIApplicationSupportsIndirectInputEvents = YES;
				INFOPLIST_KEY_UILaunchScreen_Generation = YES;
				INFOPLIST_KEY_UISupportedInterfaceOrientations_iPad = "UIInterfaceOrientationPortrait UIInterfaceOrientationPortraitUpsideDown UIInterfaceOrientationLandscapeLeft UIInterfaceOrientationLandscapeRight";
				INFOPLIST_KEY_UISupportedInterfaceOrientations_iPhone = "UIInterfaceOrientationPortrait UIInterfaceOrientationLandscapeLeft UIInterfaceOrientationLandscapeRight";
				IPHONEOS_DEPLOYMENT_TARGET = 14.0;
				LD_RUNPATH_SEARCH_PATHS = (
					"$(inherited)",
					"@executable_path/Frameworks",
				);
				MARKETING_VERSION = 1.0;
				PRODUCT_BUNDLE_IDENTIFIER = com.example.RTDBCodable;
				PRODUCT_NAME = "$(TARGET_NAME)";
				SWIFT_EMIT_LOC_STRINGS = YES;
				SWIFT_VERSION = 5.0;
				TARGETED_DEVICE_FAMILY = "1,2";
			};
			name = Debug;
		};
		8680603927091B5400E4DBFF /* Release */ = {
			isa = XCBuildConfiguration;
			buildSettings = {
				ASSETCATALOG_COMPILER_APPICON_NAME = AppIcon;
				ASSETCATALOG_COMPILER_GLOBAL_ACCENT_COLOR_NAME = AccentColor;
				CODE_SIGN_STYLE = Automatic;
				CURRENT_PROJECT_VERSION = 1;
				DEVELOPMENT_ASSET_PATHS = "\"RTDBCodable/Preview Content\"";
				DEVELOPMENT_TEAM = "";
				ENABLE_PREVIEWS = YES;
				GENERATE_INFOPLIST_FILE = YES;
				INFOPLIST_KEY_UIApplicationSceneManifest_Generation = YES;
				INFOPLIST_KEY_UIApplicationSupportsIndirectInputEvents = YES;
				INFOPLIST_KEY_UILaunchScreen_Generation = YES;
				INFOPLIST_KEY_UISupportedInterfaceOrientations_iPad = "UIInterfaceOrientationPortrait UIInterfaceOrientationPortraitUpsideDown UIInterfaceOrientationLandscapeLeft UIInterfaceOrientationLandscapeRight";
				INFOPLIST_KEY_UISupportedInterfaceOrientations_iPhone = "UIInterfaceOrientationPortrait UIInterfaceOrientationLandscapeLeft UIInterfaceOrientationLandscapeRight";
				IPHONEOS_DEPLOYMENT_TARGET = 14.0;
				LD_RUNPATH_SEARCH_PATHS = (
					"$(inherited)",
					"@executable_path/Frameworks",
				);
				MARKETING_VERSION = 1.0;
				PRODUCT_BUNDLE_IDENTIFIER = com.example.RTDBCodable;
				PRODUCT_NAME = "$(TARGET_NAME)";
				SWIFT_EMIT_LOC_STRINGS = YES;
				SWIFT_VERSION = 5.0;
				TARGETED_DEVICE_FAMILY = "1,2";
			};
			name = Release;
		};
/* End XCBuildConfiguration section */

/* Begin XCConfigurationList section */
		8680602427091B4F00E4DBFF /* Build configuration list for PBXProject "RTDBCodable" */ = {
			isa = XCConfigurationList;
			buildConfigurations = (
				8680603527091B5400E4DBFF /* Debug */,
				8680603627091B5400E4DBFF /* Release */,
			);
			defaultConfigurationIsVisible = 0;
			defaultConfigurationName = Release;
		};
		8680603727091B5400E4DBFF /* Build configuration list for PBXNativeTarget "RTDBCodable" */ = {
			isa = XCConfigurationList;
			buildConfigurations = (
				8680603827091B5400E4DBFF /* Debug */,
				8680603927091B5400E4DBFF /* Release */,
			);
			defaultConfigurationIsVisible = 0;
			defaultConfigurationName = Release;
		};
/* End XCConfigurationList section */

/* Begin XCRemoteSwiftPackageReference section */
		86AA77622709FD6B00EFAA74 /* XCRemoteSwiftPackageReference "firebase-ios-sdk" */ = {
			isa = XCRemoteSwiftPackageReference;
			repositoryURL = "https://github.com/firebase/firebase-ios-sdk";
			requirement = {
				branch = master;
				kind = branch;
			};
		};
/* End XCRemoteSwiftPackageReference section */

/* Begin XCSwiftPackageProductDependency section */
		86AA77632709FD6B00EFAA74 /* FirebaseDatabase */ = {
			isa = XCSwiftPackageProductDependency;
			package = 86AA77622709FD6B00EFAA74 /* XCRemoteSwiftPackageReference "firebase-ios-sdk" */;
			productName = FirebaseDatabase;
		};
		86AA77652709FD6B00EFAA74 /* FirebaseDatabaseSwift-Beta */ = {
			isa = XCSwiftPackageProductDependency;
			package = 86AA77622709FD6B00EFAA74 /* XCRemoteSwiftPackageReference "firebase-ios-sdk" */;
			productName = "FirebaseDatabaseSwift-Beta";
		};
/* End XCSwiftPackageProductDependency section */
	};
	rootObject = 8680602127091B4F00E4DBFF /* Project object */;
}
